
Microsoft Visual Studio Solution File, Format Version 12.00
# Visual Studio Version 17
VisualStudioVersion = 17.9.34728.123
MinimumVisualStudioVersion = 10.0.40219.1
Project("{FAE04EC0-301F-11D3-BF4B-00C04F79EFBC}") = "Academy", "Academy\Academy.csproj", "{C6F66368-2FCD-47C6-97E2-2E9EE664B9E6}"
EndProject
Project("{FAE04EC0-301F-11D3-BF4B-00C04F79EFBC}") = "AbstractGeometry", "AbstractGeometry\AbstractGeometry.csproj", "{3DCD5ED1-4479-4DC0-AA22-18F7FF7F03FE}"
EndProject
Global
	GlobalSection(SolutionConfigurationPlatforms) = preSolution
		Debug|Any CPU = Debug|Any CPU
		Release|Any CPU = Release|Any CPU
	EndGlobalSection
	GlobalSection(ProjectConfigurationPlatforms) = postSolution
		{C6F66368-2FCD-47C6-97E2-2E9EE664B9E6}.Debug|Any CPU.ActiveCfg = Debug|Any CPU
		{C6F66368-2FCD-47C6-97E2-2E9EE664B9E6}.Debug|Any CPU.Build.0 = Debug|Any CPU
		{C6F66368-2FCD-47C6-97E2-2E9EE664B9E6}.Release|Any CPU.ActiveCfg = Release|Any CPU
		{C6F66368-2FCD-47C6-97E2-2E9EE664B9E6}.Release|Any CPU.Build.0 = Release|Any CPU
		{3DCD5ED1-4479-4DC0-AA22-18F7FF7F03FE}.Debug|Any CPU.ActiveCfg = Debug|Any CPU
		{3DCD5ED1-4479-4DC0-AA22-18F7FF7F03FE}.Debug|Any CPU.Build.0 = Debug|Any CPU
		{3DCD5ED1-4479-4DC0-AA22-18F7FF7F03FE}.Release|Any CPU.ActiveCfg = Release|Any CPU
		{3DCD5ED1-4479-4DC0-AA22-18F7FF7F03FE}.Release|Any CPU.Build.0 = Release|Any CPU
	EndGlobalSection
	GlobalSection(SolutionProperties) = preSolution
		HideSolutionNode = FALSE
	EndGlobalSection
	GlobalSection(ExtensibilityGlobals) = postSolution
		SolutionGuid = {5E06B81D-AA3C-41E6-A75C-2610F04E1291}
	EndGlobalSection
EndGlobal
